
Microsoft Visual Studio Solution File, Format Version 12.00
Project("{FAE04EC0-301F-11D3-BF4B-00C04F79EFBC}") = "Pasha_CRUD_rider", "Pasha_CRUD_rider.csproj", "{D29903DD-5175-48C8-BA13-98326A2F58A6}"
EndProject
Global
	GlobalSection(SolutionConfigurationPlatforms) = preSolution
		Debug|Any CPU = Debug|Any CPU
		Release|Any CPU = Release|Any CPU
	EndGlobalSection
	GlobalSection(ProjectConfigurationPlatforms) = postSolution
		{D29903DD-5175-48C8-BA13-98326A2F58A6}.Debug|Any CPU.ActiveCfg = Debug|Any CPU
		{D29903DD-5175-48C8-BA13-98326A2F58A6}.Debug|Any CPU.Build.0 = Debug|Any CPU
		{D29903DD-5175-48C8-BA13-98326A2F58A6}.Release|Any CPU.ActiveCfg = Release|Any CPU
		{D29903DD-5175-48C8-BA13-98326A2F58A6}.Release|Any CPU.Build.0 = Release|Any CPU
	EndGlobalSection
EndGlobal
